{
  "name": "astro-cloudflare-branch-preview",
  "version": "0.0.1",
  "lockfileVersion": 3,
  "requires": true,
  "packages": {
    "": {
      "name": "astro-cloudflare-branch-preview",
      "version": "0.0.1",
      "dependencies": {
        "@astrojs/cloudflare": "^12.2.0",
        "astro": "^5.2.0"
      },
      "devDependencies": {
        "typescript": "^5.7.0"
      }
    }
  }
}
